
Microsoft Visual Studio Solution File, Format Version 12.00
# Visual Studio Version 17
VisualStudioVersion = 17.3.32901.215
MinimumVisualStudioVersion = 10.0.40219.1
Project("{9A19103F-16F7-4668-BE54-9A1E7A4F7556}") = "AspNetCoreIntro2024", "AspNetCoreIntro2024.csproj", "{F7AB93AF-8757-4A7E-A294-5156CEEBFEB0}"
EndProject
Global
	GlobalSection(SolutionConfigurationPlatforms) = preSolution
		Debug|Any CPU = Debug|Any CPU
		Release|Any CPU = Release|Any CPU
	EndGlobalSection
	GlobalSection(ProjectConfigurationPlatforms) = postSolution
		{F7AB93AF-8757-4A7E-A294-5156CEEBFEB0}.Debug|Any CPU.ActiveCfg = Debug|Any CPU
		{F7AB93AF-8757-4A7E-A294-5156CEEBFEB0}.Debug|Any CPU.Build.0 = Debug|Any CPU
		{F7AB93AF-8757-4A7E-A294-5156CEEBFEB0}.Release|Any CPU.ActiveCfg = Release|Any CPU
		{F7AB93AF-8757-4A7E-A294-5156CEEBFEB0}.Release|Any CPU.Build.0 = Release|Any CPU
	EndGlobalSection
	GlobalSection(SolutionProperties) = preSolution
		HideSolutionNode = FALSE
	EndGlobalSection
	GlobalSection(ExtensibilityGlobals) = postSolution
		SolutionGuid = {D3C689D8-92E7-46C8-AAE9-C8AD0B95095F}
	EndGlobalSection
EndGlobal
